
Microsoft Visual Studio Solution File, Format Version 12.00
# Visual Studio Version 17
VisualStudioVersion = 17.5.002.0
MinimumVisualStudioVersion = 10.0.40219.1
Project("{9A19103F-16F7-4668-BE54-9A1E7A4F7556}") = "TaskMaster", "TaskMaster.csproj", "{9407CD46-0D4D-4EAF-8F43-0CC2C70D5843}"
EndProject
Global
	GlobalSection(SolutionConfigurationPlatforms) = preSolution
		Debug|Any CPU = Debug|Any CPU
		Release|Any CPU = Release|Any CPU
	EndGlobalSection
	GlobalSection(ProjectConfigurationPlatforms) = postSolution
		{9407CD46-0D4D-4EAF-8F43-0CC2C70D5843}.Debug|Any CPU.ActiveCfg = Debug|Any CPU
		{9407CD46-0D4D-4EAF-8F43-0CC2C70D5843}.Debug|Any CPU.Build.0 = Debug|Any CPU
		{9407CD46-0D4D-4EAF-8F43-0CC2C70D5843}.Release|Any CPU.ActiveCfg = Release|Any CPU
		{9407CD46-0D4D-4EAF-8F43-0CC2C70D5843}.Release|Any CPU.Build.0 = Release|Any CPU
	EndGlobalSection
	GlobalSection(SolutionProperties) = preSolution
		HideSolutionNode = FALSE
	EndGlobalSection
	GlobalSection(ExtensibilityGlobals) = postSolution
		SolutionGuid = {0CCECD42-751D-44BD-AABC-A95A4075748D}
	EndGlobalSection
EndGlobal
